
Microsoft Visual Studio Solution File, Format Version 12.00
# Visual Studio Version 17
VisualStudioVersion = 17.9.34902.65
MinimumVisualStudioVersion = 10.0.40219.1
Project("{FAE04EC0-301F-11D3-BF4B-00C04F79EFBC}") = "Text To Speech_Forms", "Text To Speech_Forms\Text To Speech_Forms.csproj", "{46D89872-E1AC-4FEA-ABAF-11ED8A01358F}"
EndProject
Global
	GlobalSection(SolutionConfigurationPlatforms) = preSolution
		Debug|Any CPU = Debug|Any CPU
		Release|Any CPU = Release|Any CPU
	EndGlobalSection
	GlobalSection(ProjectConfigurationPlatforms) = postSolution
		{46D89872-E1AC-4FEA-ABAF-11ED8A01358F}.Debug|Any CPU.ActiveCfg = Debug|Any CPU
		{46D89872-E1AC-4FEA-ABAF-11ED8A01358F}.Debug|Any CPU.Build.0 = Debug|Any CPU
		{46D89872-E1AC-4FEA-ABAF-11ED8A01358F}.Release|Any CPU.ActiveCfg = Release|Any CPU
		{46D89872-E1AC-4FEA-ABAF-11ED8A01358F}.Release|Any CPU.Build.0 = Release|Any CPU
	EndGlobalSection
	GlobalSection(SolutionProperties) = preSolution
		HideSolutionNode = FALSE
	EndGlobalSection
	GlobalSection(ExtensibilityGlobals) = postSolution
		SolutionGuid = {3FF0E92F-A816-41C9-A75D-8DB772FCAD32}
	EndGlobalSection
EndGlobal
